// !$*UTF8*$!
{
	archiveVersion = 1;
	classes = {
	};
	objectVersion = 50;
	objects = {

/* Begin PBXBuildFile section */
		2DC8D82C22B2E2890024826A /* AppDelegate.swift in Sources */ = {isa = PBXBuildFile; fileRef = 2DC8D82B22B2E2890024826A /* AppDelegate.swift */; };
		2DC8D82E22B2E2890024826A /* ViewController.swift in Sources */ = {isa = PBXBuildFile; fileRef = 2DC8D82D22B2E2890024826A /* ViewController.swift */; };
		2DC8D83122B2E2890024826A /* Main.storyboard in Resources */ = {isa = PBXBuildFile; fileRef = 2DC8D82F22B2E2890024826A /* Main.storyboard */; };
		2DC8D83322B2E28E0024826A /* Assets.xcassets in Resources */ = {isa = PBXBuildFile; fileRef = 2DC8D83222B2E28E0024826A /* Assets.xcassets */; };
		2DC8D83622B2E28E0024826A /* LaunchScreen.storyboard in Resources */ = {isa = PBXBuildFile; fileRef = 2DC8D83422B2E28E0024826A /* LaunchScreen.storyboard */; };
		2DC8D84222B2E2DD0024826A /* DBManager.swift in Sources */ = {isa = PBXBuildFile; fileRef = 2DC8D84122B2E2DD0024826A /* DBManager.swift */; };
		2DC8D84422B2E55D0024826A /* Models.swift in Sources */ = {isa = PBXBuildFile; fileRef = 2DC8D84322B2E55D0024826A /* Models.swift */; };
		2DC8D84622B2F7D20024826A /* DetailView.swift in Sources */ = {isa = PBXBuildFile; fileRef = 2DC8D84522B2F7D20024826A /* DetailView.swift */; };
		2DC8D84822B2F7E00024826A /* CreationView.swift in Sources */ = {isa = PBXBuildFile; fileRef = 2DC8D84722B2F7E00024826A /* CreationView.swift */; };
		D0FA5A98CDA43DF83379704C /* Pods_RealmTodo.framework in Frameworks */ = {isa = PBXBuildFile; fileRef = 73FD6B1D9584E55D2A9CA527 /* Pods_RealmTodo.framework */; };
/* End PBXBuildFile section */

/* Begin PBXFileReference section */
		2DC8D82822B2E2890024826A /* RealmTodo.app */ = {isa = PBXFileReference; explicitFileType = wrapper.application; includeInIndex = 0; path = RealmTodo.app; sourceTree = BUILT_PRODUCTS_DIR; };
		2DC8D82B22B2E2890024826A /* AppDelegate.swift */ = {isa = PBXFileReference; lastKnownFileType = sourcecode.swift; path = AppDelegate.swift; sourceTree = "<group>"; };
		2DC8D82D22B2E2890024826A /* ViewController.swift */ = {isa = PBXFileReference; lastKnownFileType = sourcecode.swift; path = ViewController.swift; sourceTree = "<group>"; };
		2DC8D83022B2E2890024826A /* Base */ = {isa = PBXFileReference; lastKnownFileType = file.storyboard; name = Base; path = Base.lproj/Main.storyboard; sourceTree = "<group>"; };
		2DC8D83222B2E28E0024826A /* Assets.xcassets */ = {isa = PBXFileReference; lastKnownFileType = folder.assetcatalog; path = Assets.xcassets; sourceTree = "<group>"; };
		2DC8D83522B2E28E0024826A /* Base */ = {isa = PBXFileReference; lastKnownFileType = file.storyboard; name = Base; path = Base.lproj/LaunchScreen.storyboard; sourceTree = "<group>"; };
		2DC8D83722B2E28E0024826A /* Info.plist */ = {isa = PBXFileReference; lastKnownFileType = text.plist.xml; path = Info.plist; sourceTree = "<group>"; };
		2DC8D84122B2E2DD0024826A /* DBManager.swift */ = {isa = PBXFileReference; lastKnownFileType = sourcecode.swift; path = DBManager.swift; sourceTree = "<group>"; };
		2DC8D84322B2E55D0024826A /* Models.swift */ = {isa = PBXFileReference; lastKnownFileType = sourcecode.swift; path = Models.swift; sourceTree = "<group>"; };
		2DC8D84522B2F7D20024826A /* DetailView.swift */ = {isa = PBXFileReference; lastKnownFileType = sourcecode.swift; path = DetailView.swift; sourceTree = "<group>"; };
		2DC8D84722B2F7E00024826A /* CreationView.swift */ = {isa = PBXFileReference; lastKnownFileType = sourcecode.swift; path = CreationView.swift; sourceTree = "<group>"; };
		6885DCF68F28ACF996E74583 /* Pods-RealmTodo.release.xcconfig */ = {isa = PBXFileReference; includeInIndex = 1; lastKnownFileType = text.xcconfig; name = "Pods-RealmTodo.release.xcconfig"; path = "Target Support Files/Pods-RealmTodo/Pods-RealmTodo.release.xcconfig"; sourceTree = "<group>"; };
		73FD6B1D9584E55D2A9CA527 /* Pods_RealmTodo.framework */ = {isa = PBXFileReference; explicitFileType = wrapper.framework; includeInIndex = 0; path = Pods_RealmTodo.framework; sourceTree = BUILT_PRODUCTS_DIR; };
		B4F6798D3B237ABE53713873 /* Pods-RealmTodo.debug.xcconfig */ = {isa = PBXFileReference; includeInIndex = 1; lastKnownFileType = text.xcconfig; name = "Pods-RealmTodo.debug.xcconfig"; path = "Target Support Files/Pods-RealmTodo/Pods-RealmTodo.debug.xcconfig"; sourceTree = "<group>"; };
/* End PBXFileReference section */

/* Begin PBXFrameworksBuildPhase section */
		2DC8D82522B2E2890024826A /* Frameworks */ = {
			isa = PBXFrameworksBuildPhase;
			buildActionMask = 2147483647;
			files = (
				D0FA5A98CDA43DF83379704C /* Pods_RealmTodo.framework in Frameworks */,
			);
			runOnlyForDeploymentPostprocessing = 0;
		};
/* End PBXFrameworksBuildPhase section */

/* Begin PBXGroup section */
		2DC8D81F22B2E2890024826A = {
			isa = PBXGroup;
			children = (
				2DC8D82A22B2E2890024826A /* RealmTodo */,
				2DC8D82922B2E2890024826A /* Products */,
				323EDC01ACBD4184FCBB2790 /* Pods */,
				DD3E72C97C9291954B57984F /* Frameworks */,
			);
			sourceTree = "<group>";
		};
		2DC8D82922B2E2890024826A /* Products */ = {
			isa = PBXGroup;
			children = (
				2DC8D82822B2E2890024826A /* RealmTodo.app */,
			);
			name = Products;
			sourceTree = "<group>";
		};
		2DC8D82A22B2E2890024826A /* RealmTodo */ = {
			isa = PBXGroup;
			children = (
				2DC8D84022B2E29D0024826A /* ViewModel */,
				2DC8D83F22B2E29C0024826A /* Controller */,
				2DC8D83E22B2E29A0024826A /* View */,
				2DC8D83D22B2E2980024826A /* Model */,
				2DC8D82B22B2E2890024826A /* AppDelegate.swift */,
				2DC8D83722B2E28E0024826A /* Info.plist */,
			);
			path = RealmTodo;
			sourceTree = "<group>";
		};
		2DC8D83D22B2E2980024826A /* Model */ = {
			isa = PBXGroup;
			children = (
				2DC8D84322B2E55D0024826A /* Models.swift */,
			);
			path = Model;
			sourceTree = "<group>";
		};
		2DC8D83E22B2E29A0024826A /* View */ = {
			isa = PBXGroup;
			children = (
				2DC8D82F22B2E2890024826A /* Main.storyboard */,
				2DC8D83222B2E28E0024826A /* Assets.xcassets */,
				2DC8D83422B2E28E0024826A /* LaunchScreen.storyboard */,
				2DC8D84522B2F7D20024826A /* DetailView.swift */,
				2DC8D84722B2F7E00024826A /* CreationView.swift */,
			);
			path = View;
			sourceTree = "<group>";
		};
		2DC8D83F22B2E29C0024826A /* Controller */ = {
			isa = PBXGroup;
			children = (
				2DC8D82D22B2E2890024826A /* ViewController.swift */,
			);
			path = Controller;
			sourceTree = "<group>";
		};
		2DC8D84022B2E29D0024826A /* ViewModel */ = {
			isa = PBXGroup;
			children = (
				2DC8D84122B2E2DD0024826A /* DBManager.swift */,
			);
			path = ViewModel;
			sourceTree = "<group>";
		};
		323EDC01ACBD4184FCBB2790 /* Pods */ = {
			isa = PBXGroup;
			children = (
				B4F6798D3B237ABE53713873 /* Pods-RealmTodo.debug.xcconfig */,
				6885DCF68F28ACF996E74583 /* Pods-RealmTodo.release.xcconfig */,
			);
			path = Pods;
			sourceTree = "<group>";
		};
		DD3E72C97C9291954B57984F /* Frameworks */ = {
			isa = PBXGroup;
			children = (
				73FD6B1D9584E55D2A9CA527 /* Pods_RealmTodo.framework */,
			);
			name = Frameworks;
			sourceTree = "<group>";
		};
/* End PBXGroup section */

/* Begin PBXNativeTarget section */
		2DC8D82722B2E2890024826A /* RealmTodo */ = {
			isa = PBXNativeTarget;
			buildConfigurationList = 2DC8D83A22B2E28E0024826A /* Build configuration list for PBXNativeTarget "RealmTodo" */;
			buildPhases = (
				34BE9CBCBD4275203F9945AC /* [CP] Check Pods Manifest.lock */,
				2DC8D82422B2E2890024826A /* Sources */,
				2DC8D82522B2E2890024826A /* Frameworks */,
				2DC8D82622B2E2890024826A /* Resources */,
				AFCC09061AE7F05090490788 /* [CP] Embed Pods Frameworks */,
			);
			buildRules = (
			);
			dependencies = (
			);
			name = RealmTodo;
			productName = RealmTodo;
			productReference = 2DC8D82822B2E2890024826A /* RealmTodo.app */;
			productType = "com.apple.product-type.application";
		};
/* End PBXNativeTarget section */

/* Begin PBXProject section */
		2DC8D82022B2E2890024826A /* Project object */ = {
			isa = PBXProject;
			attributes = {
				LastSwiftUpdateCheck = 1020;
				LastUpgradeCheck = 1020;
				ORGANIZATIONNAME = "Igor-Macbook Pro";
				TargetAttributes = {
					2DC8D82722B2E2890024826A = {
						CreatedOnToolsVersion = 10.2;
					};
				};
			};
			buildConfigurationList = 2DC8D82322B2E2890024826A /* Build configuration list for PBXProject "RealmTodo" */;
			compatibilityVersion = "Xcode 9.3";
			developmentRegion = en;
			hasScannedForEncodings = 0;
			knownRegions = (
				en,
				Base,
			);
			mainGroup = 2DC8D81F22B2E2890024826A;
			productRefGroup = 2DC8D82922B2E2890024826A /* Products */;
			projectDirPath = "";
			projectRoot = "";
			targets = (
				2DC8D82722B2E2890024826A /* RealmTodo */,
			);
		};
/* End PBXProject section */

/* Begin PBXResourcesBuildPhase section */
		2DC8D82622B2E2890024826A /* Resources */ = {
			isa = PBXResourcesBuildPhase;
			buildActionMask = 2147483647;
			files = (
				2DC8D83622B2E28E0024826A /* LaunchScreen.storyboard in Resources */,
				2DC8D83322B2E28E0024826A /* Assets.xcassets in Resources */,
				2DC8D83122B2E2890024826A /* Main.storyboard in Resources */,
			);
			runOnlyForDeploymentPostprocessing = 0;
		};
/* End PBXResourcesBuildPhase section */

/* Begin PBXShellScriptBuildPhase section */
		34BE9CBCBD4275203F9945AC /* [CP] Check Pods Manifest.lock */ = {
			isa = PBXShellScriptBuildPhase;
			buildActionMask = 2147483647;
			files = (
			);
			inputFileListPaths = (
			);
			inputPaths = (
				"${PODS_PODFILE_DIR_PATH}/Podfile.lock",
				"${PODS_ROOT}/Manifest.lock",
			);
			name = "[CP] Check Pods Manifest.lock";
			outputFileListPaths = (
			);
			outputPaths = (
				"$(DERIVED_FILE_DIR)/Pods-RealmTodo-checkManifestLockResult.txt",
			);
			runOnlyForDeploymentPostprocessing = 0;
			shellPath = /bin/sh;
			shellScript = "diff \"${PODS_PODFILE_DIR_PATH}/Podfile.lock\" \"${PODS_ROOT}/Manifest.lock\" > /dev/null\nif [ $? != 0 ] ; then\n    # print error to STDERR\n    echo \"error: The sandbox is not in sync with the Podfile.lock. Run 'pod install' or update your CocoaPods installation.\" >&2\n    exit 1\nfi\n# This output is used by Xcode 'outputs' to avoid re-running this script phase.\necho \"SUCCESS\" > \"${SCRIPT_OUTPUT_FILE_0}\"\n";
			showEnvVarsInLog = 0;
		};
		AFCC09061AE7F05090490788 /* [CP] Embed Pods Frameworks */ = {
			isa = PBXShellScriptBuildPhase;
			buildActionMask = 2147483647;
			files = (
			);
			inputFileListPaths = (
			);
			inputPaths = (
				"${PODS_ROOT}/Target Support Files/Pods-RealmTodo/Pods-RealmTodo-frameworks.sh",
				"${BUILT_PRODUCTS_DIR}/Realm/Realm.framework",
				"${BUILT_PRODUCTS_DIR}/RealmSwift/RealmSwift.framework",
				"${BUILT_PRODUCTS_DIR}/RxCocoa/RxCocoa.framework",
				"${BUILT_PRODUCTS_DIR}/RxRelay/RxRelay.framework",
				"${BUILT_PRODUCTS_DIR}/RxSwift/RxSwift.framework",
			);
			name = "[CP] Embed Pods Frameworks";
			outputFileListPaths = (
			);
			outputPaths = (
				"${TARGET_BUILD_DIR}/${FRAMEWORKS_FOLDER_PATH}/Realm.framework",
				"${TARGET_BUILD_DIR}/${FRAMEWORKS_FOLDER_PATH}/RealmSwift.framework",
				"${TARGET_BUILD_DIR}/${FRAMEWORKS_FOLDER_PATH}/RxCocoa.framework",
				"${TARGET_BUILD_DIR}/${FRAMEWORKS_FOLDER_PATH}/RxRelay.framework",
				"${TARGET_BUILD_DIR}/${FRAMEWORKS_FOLDER_PATH}/RxSwift.framework",
			);
			runOnlyForDeploymentPostprocessing = 0;
			shellPath = /bin/sh;
			shellScript = "\"${PODS_ROOT}/Target Support Files/Pods-RealmTodo/Pods-RealmTodo-frameworks.sh\"\n";
			showEnvVarsInLog = 0;
		};
/* End PBXShellScriptBuildPhase section */

/* Begin PBXSourcesBuildPhase section */
		2DC8D82422B2E2890024826A /* Sources */ = {
			isa = PBXSourcesBuildPhase;
			buildActionMask = 2147483647;
			files = (
				2DC8D82E22B2E2890024826A /* ViewController.swift in Sources */,
				2DC8D84222B2E2DD0024826A /* DBManager.swift in Sources */,
				2DC8D82C22B2E2890024826A /* AppDelegate.swift in Sources */,
				2DC8D84622B2F7D20024826A /* DetailView.swift in Sources */,
				2DC8D84422B2E55D0024826A /* Models.swift in Sources */,
				2DC8D84822B2F7E00024826A /* CreationView.swift in Sources */,
			);
			runOnlyForDeploymentPostprocessing = 0;
		};
/* End PBXSourcesBuildPhase section */

/* Begin PBXVariantGroup section */
		2DC8D82F22B2E2890024826A /* Main.storyboard */ = {
			isa = PBXVariantGroup;
			children = (
				2DC8D83022B2E2890024826A /* Base */,
			);
			name = Main.storyboard;
			sourceTree = "<group>";
		};
		2DC8D83422B2E28E0024826A /* LaunchScreen.storyboard */ = {
			isa = PBXVariantGroup;
			children = (
				2DC8D83522B2E28E0024826A /* Base */,
			);
			name = LaunchScreen.storyboard;
			sourceTree = "<group>";
		};
/* End PBXVariantGroup section */

/* Begin XCBuildConfiguration section */
		2DC8D83822B2E28E0024826A /* Debug */ = {
			isa = XCBuildConfiguration;
			buildSettings = {
				ALWAYS_SEARCH_USER_PATHS = NO;
				CLANG_ANALYZER_NONNULL = YES;
				CLANG_ANALYZER_NUMBER_OBJECT_CONVERSION = YES_AGGRESSIVE;
				CLANG_CXX_LANGUAGE_STANDARD = "gnu++14";
				CLANG_CXX_LIBRARY = "libc++";
				CLANG_ENABLE_MODULES = YES;
				CLANG_ENABLE_OBJC_ARC = YES;
				CLANG_ENABLE_OBJC_WEAK = YES;
				CLANG_WARN_BLOCK_CAPTURE_AUTORELEASING = YES;
				CLANG_WARN_BOOL_CONVERSION = YES;
				CLANG_WARN_COMMA = YES;
				CLANG_WARN_CONSTANT_CONVERSION = YES;
				CLANG_WARN_DEPRECATED_OBJC_IMPLEMENTATIONS = YES;
				CLANG_WARN_DIRECT_OBJC_ISA_USAGE = YES_ERROR;
				CLANG_WARN_DOCUMENTATION_COMMENTS = YES;
				CLANG_WARN_EMPTY_BODY = YES;
				CLANG_WARN_ENUM_CONVERSION = YES;
				CLANG_WARN_INFINITE_RECURSION = YES;
				CLANG_WARN_INT_CONVERSION = YES;
				CLANG_WARN_NON_LITERAL_NULL_CONVERSION = YES;
				CLANG_WARN_OBJC_IMPLICIT_RETAIN_SELF = YES;
				CLANG_WARN_OBJC_LITERAL_CONVERSION = YES;
				CLANG_WARN_OBJC_ROOT_CLASS = YES_ERROR;
				CLANG_WARN_RANGE_LOOP_ANALYSIS = YES;
				CLANG_WARN_STRICT_PROTOTYPES = YES;
				CLANG_WARN_SUSPICIOUS_MOVE = YES;
				CLANG_WARN_UNGUARDED_AVAILABILITY = YES_AGGRESSIVE;
				CLANG_WARN_UNREACHABLE_CODE = YES;
				CLANG_WARN__DUPLICATE_METHOD_MATCH = YES;
				CODE_SIGN_IDENTITY = "iPhone Developer";
				COPY_PHASE_STRIP = NO;
				DEBUG_INFORMATION_FORMAT = dwarf;
				ENABLE_STRICT_OBJC_MSGSEND = YES;
				ENABLE_TESTABILITY = YES;
				GCC_C_LANGUAGE_STANDARD = gnu11;
				GCC_DYNAMIC_NO_PIC = NO;
				GCC_NO_COMMON_BLOCKS = YES;
				GCC_OPTIMIZATION_LEVEL = 0;
				GCC_PREPROCESSOR_DEFINITIONS = (
					"DEBUG=1",
					"$(inherited)",
				);
				GCC_WARN_64_TO_32_BIT_CONVERSION = YES;
				GCC_WARN_ABOUT_RETURN_TYPE = YES_ERROR;
				GCC_WARN_UNDECLARED_SELECTOR = YES;
				GCC_WARN_UNINITIALIZED_AUTOS = YES_AGGRESSIVE;
				GCC_WARN_UNUSED_FUNCTION = YES;
				GCC_WARN_UNUSED_VARIABLE = YES;
				IPHONEOS_DEPLOYMENT_TARGET = 12.2;
				MTL_ENABLE_DEBUG_INFO = INCLUDE_SOURCE;
				MTL_FAST_MATH = YES;
				ONLY_ACTIVE_ARCH = YES;
				SDKROOT = iphoneos;
				SWIFT_ACTIVE_COMPILATION_CONDITIONS = DEBUG;
				SWIFT_OPTIMIZATION_LEVEL = "-Onone";
			};
			name = Debug;
		};
		2DC8D83922B2E28E0024826A /* Release */ = {
			isa = XCBuildConfiguration;
			buildSettings = {
				ALWAYS_SEARCH_USER_PATHS = NO;
				CLANG_ANALYZER_NONNULL = YES;
				CLANG_ANALYZER_NUMBER_OBJECT_CONVERSION = YES_AGGRESSIVE;
				CLANG_CXX_LANGUAGE_STANDARD = "gnu++14";
				CLANG_CXX_LIBRARY = "libc++";
				CLANG_ENABLE_MODULES = YES;
				CLANG_ENABLE_OBJC_ARC = YES;
				CLANG_ENABLE_OBJC_WEAK = YES;
				CLANG_WARN_BLOCK_CAPTURE_AUTORELEASING = YES;
				CLANG_WARN_BOOL_CONVERSION = YES;
				CLANG_WARN_COMMA = YES;
				CLANG_WARN_CONSTANT_CONVERSION = YES;
				CLANG_WARN_DEPRECATED_OBJC_IMPLEMENTATIONS = YES;
				CLANG_WARN_DIRECT_OBJC_ISA_USAGE = YES_ERROR;
				CLANG_WARN_DOCUMENTATION_COMMENTS = YES;
				CLANG_WARN_EMPTY_BODY = YES;
				CLANG_WARN_ENUM_CONVERSION = YES;
				CLANG_WARN_INFINITE_RECURSION = YES;
				CLANG_WARN_INT_CONVERSION = YES;
				CLANG_WARN_NON_LITERAL_NULL_CONVERSION = YES;
				CLANG_WARN_OBJC_IMPLICIT_RETAIN_SELF = YES;
				CLANG_WARN_OBJC_LITERAL_CONVERSION = YES;
				CLANG_WARN_OBJC_ROOT_CLASS = YES_ERROR;
				CLANG_WARN_RANGE_LOOP_ANALYSIS = YES;
				CLANG_WARN_STRICT_PROTOTYPES = YES;
				CLANG_WARN_SUSPICIOUS_MOVE = YES;
				CLANG_WARN_UNGUARDED_AVAILABILITY = YES_AGGRESSIVE;
				CLANG_WARN_UNREACHABLE_CODE = YES;
				CLANG_WARN__DUPLICATE_METHOD_MATCH = YES;
				CODE_SIGN_IDENTITY = "iPhone Developer";
				COPY_PHASE_STRIP = NO;
				DEBUG_INFORMATION_FORMAT = "dwarf-with-dsym";
				ENABLE_NS_ASSERTIONS = NO;
				ENABLE_STRICT_OBJC_MSGSEND = YES;
				GCC_C_LANGUAGE_STANDARD = gnu11;
				GCC_NO_COMMON_BLOCKS = YES;
				GCC_WARN_64_TO_32_BIT_CONVERSION = YES;
				GCC_WARN_ABOUT_RETURN_TYPE = YES_ERROR;
				GCC_WARN_UNDECLARED_SELECTOR = YES;
				GCC_WARN_UNINITIALIZED_AUTOS = YES_AGGRESSIVE;
				GCC_WARN_UNUSED_FUNCTION = YES;
				GCC_WARN_UNUSED_VARIABLE = YES;
				IPHONEOS_DEPLOYMENT_TARGET = 12.2;
				MTL_ENABLE_DEBUG_INFO = NO;
				MTL_FAST_MATH = YES;
				SDKROOT = iphoneos;
				SWIFT_COMPILATION_MODE = wholemodule;
				SWIFT_OPTIMIZATION_LEVEL = "-O";
				VALIDATE_PRODUCT = YES;
			};
			name = Release;
		};
		2DC8D83B22B2E28E0024826A /* Debug */ = {
			isa = XCBuildConfiguration;
			baseConfigurationReference = B4F6798D3B237ABE53713873 /* Pods-RealmTodo.debug.xcconfig */;
			buildSettings = {
				ASSETCATALOG_COMPILER_APPICON_NAME = AppIcon;
				CODE_SIGN_STYLE = Automatic;
				DEVELOPMENT_TEAM = G3P284NUFU;
				INFOPLIST_FILE = RealmTodo/Info.plist;
				LD_RUNPATH_SEARCH_PATHS = (
					"$(inherited)",
					"@executable_path/Frameworks",
				);
				PRODUCT_BUNDLE_IDENTIFIER = com.Naumenko.RealmTodo;
				PRODUCT_NAME = "$(TARGET_NAME)";
				SWIFT_VERSION = 5.0;
				TARGETED_DEVICE_FAMILY = "1,2";
			};
			name = Debug;
		};
		2DC8D83C22B2E28E0024826A /* Release */ = {
			isa = XCBuildConfiguration;
			baseConfigurationReference = 6885DCF68F28ACF996E74583 /* Pods-RealmTodo.release.xcconfig */;
			buildSettings = {
				ASSETCATALOG_COMPILER_APPICON_NAME = AppIcon;
				CODE_SIGN_STYLE = Automatic;
				DEVELOPMENT_TEAM = G3P284NUFU;
				INFOPLIST_FILE = RealmTodo/Info.plist;
				LD_RUNPATH_SEARCH_PATHS = (
					"$(inherited)",
					"@executable_path/Frameworks",
				);
				PRODUCT_BUNDLE_IDENTIFIER = com.Naumenko.RealmTodo;
				PRODUCT_NAME = "$(TARGET_NAME)";
				SWIFT_VERSION = 5.0;
				TARGETED_DEVICE_FAMILY = "1,2";
			};
			name = Release;
		};
/* End XCBuildConfiguration section */

/* Begin XCConfigurationList section */
		2DC8D82322B2E2890024826A /* Build configuration list for PBXProject "RealmTodo" */ = {
			isa = XCConfigurationList;
			buildConfigurations = (
				2DC8D83822B2E28E0024826A /* Debug */,
				2DC8D83922B2E28E0024826A /* Release */,
			);
			defaultConfigurationIsVisible = 0;
			defaultConfigurationName = Release;
		};
		2DC8D83A22B2E28E0024826A /* Build configuration list for PBXNativeTarget "RealmTodo" */ = {
			isa = XCConfigurationList;
			buildConfigurations = (
				2DC8D83B22B2E28E0024826A /* Debug */,
				2DC8D83C22B2E28E0024826A /* Release */,
			);
			defaultConfigurationIsVisible = 0;
			defaultConfigurationName = Release;
		};
/* End XCConfigurationList section */
	};
	rootObject = 2DC8D82022B2E2890024826A /* Project object */;
}
